
Microsoft Visual Studio Solution File, Format Version 12.00
# Visual Studio Version 17
VisualStudioVersion = 17.7.34221.43
MinimumVisualStudioVersion = 10.0.40219.1
Project("{FAE04EC0-301F-11D3-BF4B-00C04F79EFBC}") = "CaseKaizenReceiptJson", "CaseKaizenReceiptJson\CaseKaizenReceiptJson.csproj", "{307974A6-697C-4E9C-A2D0-ABC38F710A00}"
EndProject
Global
	GlobalSection(SolutionConfigurationPlatforms) = preSolution
		Debug|Any CPU = Debug|Any CPU
		Release|Any CPU = Release|Any CPU
	EndGlobalSection
	GlobalSection(ProjectConfigurationPlatforms) = postSolution
		{307974A6-697C-4E9C-A2D0-ABC38F710A00}.Debug|Any CPU.ActiveCfg = Debug|Any CPU
		{307974A6-697C-4E9C-A2D0-ABC38F710A00}.Debug|Any CPU.Build.0 = Debug|Any CPU
		{307974A6-697C-4E9C-A2D0-ABC38F710A00}.Release|Any CPU.ActiveCfg = Release|Any CPU
		{307974A6-697C-4E9C-A2D0-ABC38F710A00}.Release|Any CPU.Build.0 = Release|Any CPU
	EndGlobalSection
	GlobalSection(SolutionProperties) = preSolution
		HideSolutionNode = FALSE
	EndGlobalSection
	GlobalSection(ExtensibilityGlobals) = postSolution
		SolutionGuid = {BFF37B29-1D35-460D-BAAE-D583732F046F}
	EndGlobalSection
EndGlobal
